{
  "name": "quick-scaler",
  "version": "1.1.0",
  "lockfileVersion": 2,
  "requires": true,
  "packages": {
    "": {
      "name": "quick-scaler",
      "version": "1.1.0",
      "license": "ISC",
      "dependencies": {
        "sendkeys-js": "^0.0.4"
      },
      "bin": {
        "quick-scaler": "index.js"
      }
    },
    "node_modules/sendkeys-js": {
      "version": "0.0.4",
      "resolved": "https://registry.npmjs.org/sendkeys-js/-/sendkeys-js-0.0.4.tgz",
      "integrity": "sha512-TW1ZzkHPDJn/uB8pl/SNoQPW94VV3w+ytRD+PjRfwRDz1ORRflOBoVZ8LNrF94mLDya+opOgRl+VzShee205MQ=="
    }
  },
  "dependencies": {
    "sendkeys-js": {
      "version": "0.0.4",
      "resolved": "https://registry.npmjs.org/sendkeys-js/-/sendkeys-js-0.0.4.tgz",
      "integrity": "sha512-TW1ZzkHPDJn/uB8pl/SNoQPW94VV3w+ytRD+PjRfwRDz1ORRflOBoVZ8LNrF94mLDya+opOgRl+VzShee205MQ=="
    }
  }
}
